{
  "name": "lawn-mower-demo",
  "lockfileVersion": 3,
  "requires": true,
  "packages": {
    "": {
      "name": "lawn-mower-demo",
      "dependencies": {
        "@esengine/ecs-framework": "^2.1.44"
      }
    },
    "node_modules/@esengine/ecs-framework": {
      "version": "2.1.44",
      "resolved": "https://registry.npmjs.org/@esengine/ecs-framework/-/ecs-framework-2.1.44.tgz",
      "integrity": "sha512-MQL6Jo1/mpq8tw8KRWW9Uh7iVNk82ydb6R2j03xziOnXX40UF5pcMox9fDGfQuLjcc5oMR3ZrADd89ZtOt4icw==",
      "engines": {
        "node": ">=16.0.0"
      }
    }
  }
}
