{
  "name": "lawn-mower-demo",
  "lockfileVersion": 3,
  "requires": true,
  "packages": {
    "": {
      "name": "lawn-mower-demo",
      "dependencies": {
        "@esengine/ecs-framework": "latest",
        "@esengine/mvvm-ui-framework": "latest",
        "@esengine/network-client": "latest",
        "@esengine/network-shared": "latest"
      }
    },
    "node_modules/@esengine/core": {},
    "node_modules/@esengine/ecs-framework": {
      "version": "2.1.45",
      "resolved": "https://registry.npmjs.org/@esengine/ecs-framework/-/ecs-framework-2.1.45.tgz",
      "integrity": "sha512-fpX5thm2+G4M7MO8ZUbxIhL7Xcrfa7hyPfzwMPHnsMYQcTUW8/uy1stgtsEqHzinsEC2wG51bzTlKG3XmnyQdA==",
      "license": "MIT",
      "engines": {
        "node": ">=16.0.0"
      }
    },
    "node_modules/@esengine/mvvm-ui-framework": {
      "version": "1.1.7",
      "resolved": "https://registry.npmjs.org/@esengine/mvvm-ui-framework/-/mvvm-ui-framework-1.1.7.tgz",
      "integrity": "sha512-1WmnIA0RDlAD83UYURJjtsc7bdmK41whJ3e933osmIrw83p1HtHMDsTC37UoWsXnFoczrjJh2cXNexOnNv9vYw==",
      "license": "MIT",
      "dependencies": {
        "reflect-metadata": "^0.1.13"
      },
      "engines": {
        "node": ">=16.0.0"
      }
    },
    "node_modules/@esengine/network-client": {
      "version": "1.0.4",
      "resolved": "https://registry.npmjs.org/@esengine/network-client/-/network-client-1.0.4.tgz",
      "integrity": "sha512-KvqM60Zok+iA4oqtjERlOxhAphdT8tA4N0h6UL0oqfedPBbs5/mtWrucSwJfdgNnVi3+v2utNscwK3ZvW6rV7A==",
      "license": "MIT",
      "dependencies": {
        "@esengine/ecs-framework": "file:../core",
        "@esengine/network-shared": "file:../network-shared",
        "reflect-metadata": "^0.2.2"
      },
      "engines": {
        "node": ">=16.0.0"
      }
    },
    "node_modules/@esengine/network-client/node_modules/@esengine/ecs-framework": {
      "resolved": "node_modules/@esengine/core",
      "link": true
    },
    "node_modules/@esengine/network-client/node_modules/@esengine/network-shared": {
      "resolved": "node_modules/@esengine/network-shared",
      "link": true
    },
    "node_modules/@esengine/network-client/node_modules/reflect-metadata": {
      "version": "0.2.2",
      "resolved": "https://registry.npmjs.org/reflect-metadata/-/reflect-metadata-0.2.2.tgz",
      "integrity": "sha512-urBwgfrvVP/eAyXx4hluJivBKzuEbSQs9rKWCrCkbSxNv8mxPcUZKeuoF3Uy4mJl3Lwprp6yy5/39VWigZ4K6Q==",
      "license": "Apache-2.0"
    },
    "node_modules/@esengine/network-shared": {
      "version": "1.0.4",
      "resolved": "https://registry.npmjs.org/@esengine/network-shared/-/network-shared-1.0.4.tgz",
      "integrity": "sha512-vOltq+xcPvgKSpZFvg5hteBaaB6QAMBSFKvbWe4fPFl3bVptcn//Qi0IJ6SIjY+9x/7uZugnZ4RPecucn72aDg==",
      "license": "MIT",
      "dependencies": {
        "@esengine/ecs-framework": "file:../core",
        "reflect-metadata": "^0.2.2"
      },
      "engines": {
        "node": ">=16.0.0"
      }
    },
    "node_modules/@esengine/network-shared/node_modules/@esengine/ecs-framework": {
      "resolved": "node_modules/@esengine/core",
      "link": true
    },
    "node_modules/@esengine/network-shared/node_modules/reflect-metadata": {
      "version": "0.2.2",
      "resolved": "https://registry.npmjs.org/reflect-metadata/-/reflect-metadata-0.2.2.tgz",
      "integrity": "sha512-urBwgfrvVP/eAyXx4hluJivBKzuEbSQs9rKWCrCkbSxNv8mxPcUZKeuoF3Uy4mJl3Lwprp6yy5/39VWigZ4K6Q==",
      "license": "Apache-2.0"
    },
    "node_modules/reflect-metadata": {
      "version": "0.1.14",
      "resolved": "https://registry.npmjs.org/reflect-metadata/-/reflect-metadata-0.1.14.tgz",
      "integrity": "sha512-ZhYeb6nRaXCfhnndflDK8qI6ZQ/YcWZCISRAWICW9XYqMUwjZM9Z0DveWX/ABN01oxSHwVxKQmxeYZSsm0jh5A==",
      "license": "Apache-2.0"
    }
  }
}
