{
  "name": "lawn-mower-demo",
  "lockfileVersion": 3,
  "requires": true,
  "packages": {
    "": {
      "name": "lawn-mower-demo",
      "dependencies": {
        "@esengine/ecs-framework": "latest",
        "@esengine/mvvm-ui-framework": "latest",
        "@esengine/network-client": "latest",
        "@esengine/network-shared": "latest"
      }
    },
    "node_modules/@esengine/ecs-framework": {
      "version": "2.2.5",
      "resolved": "https://registry.npmjs.org/@esengine/ecs-framework/-/ecs-framework-2.2.5.tgz",
      "integrity": "sha512-3MdhjiNs38QmXMKDVYvQ3k3fP9U4qFTFpC9cYTFsEmBpKKPQ7xuxKYYvhIyuM3TQGO5iyX3RFzRL4MW+n89wmQ==",
      "license": "MIT",
      "engines": {
        "node": ">=16.0.0"
      }
    },
    "node_modules/@esengine/mvvm-ui-framework": {
      "version": "1.1.7",
      "resolved": "https://registry.npmmirror.com/@esengine/mvvm-ui-framework/-/mvvm-ui-framework-1.1.7.tgz",
      "integrity": "sha512-1WmnIA0RDlAD83UYURJjtsc7bdmK41whJ3e933osmIrw83p1HtHMDsTC37UoWsXnFoczrjJh2cXNexOnNv9vYw==",
      "license": "MIT",
      "dependencies": {
        "reflect-metadata": "^0.1.13"
      },
      "engines": {
        "node": ">=16.0.0"
      }
    },
    "node_modules/@esengine/network-client": {
      "version": "1.0.7",
      "resolved": "https://registry.npmjs.org/@esengine/network-client/-/network-client-1.0.7.tgz",
      "integrity": "sha512-mf1AgSv47JIIK6OgRNpUG4qWcq1GjCmdZ3pHHjcGa7pUmyUkCL9yrfk6xr19M30hvPFjy8t1vJeOejrkFkrvZg==",
      "license": "MIT",
      "dependencies": {
        "@esengine/ecs-framework": "^2.1.47",
        "@esengine/network-shared": "^1.0.6",
        "reflect-metadata": "^0.2.2"
      },
      "engines": {
        "node": ">=16.0.0"
      }
    },
    "node_modules/@esengine/network-client/node_modules/reflect-metadata": {
      "version": "0.2.2",
      "license": "Apache-2.0"
    },
    "node_modules/@esengine/network-shared": {
      "version": "1.0.7",
      "resolved": "https://registry.npmjs.org/@esengine/network-shared/-/network-shared-1.0.7.tgz",
      "integrity": "sha512-pMgSoPjEP3PrX9zw0Y8xjA8F6akcHxg/dzcuz2A0LbjfXvwMULcY5eNTJnlIBbmPqxTWSApkeJV1VmwwgeyJVA==",
      "license": "MIT",
      "dependencies": {
        "@esengine/ecs-framework": "^2.1.47",
        "reflect-metadata": "^0.2.2"
      },
      "engines": {
        "node": ">=16.0.0"
      }
    },
    "node_modules/@esengine/network-shared/node_modules/reflect-metadata": {
      "version": "0.2.2",
      "license": "Apache-2.0"
    },
    "node_modules/reflect-metadata": {
      "version": "0.1.14",
      "license": "Apache-2.0"
    }
  }
}
